
 # This file is generated by running "yarn install" inside your project.
 # Manual changes might be lost - proceed with caution!
 
 __metadata:
   version: 6
 
 "BetterLogsrootDO_NOT_USE@workspace:.":
   version: 0.0.0-use.local
   resolution: "BetterLogsrootDO_NOT_USE@workspace:."
   languageName: unknown
   linkType: soft
 
 "asynckit@npm:^0.4.0":
   version: 0.4.0
   resolution: "asynckit@npm:0.4.0"
   languageName: node
   linkType: hard
 
 "betterlogs-discord@workspace:versions/Discord":
   version: 0.0.0-use.local
   resolution: "betterlogs-discord@workspace:versions/Discord"
   dependencies:
     colors: ^1.4.0
     discord-webhook-node: ^1.1.8
   languageName: unknown
  linkType: soft

"betterlogs@workspace:versions/Norm":
  version: 0.0.0-use.local
  resolution: "betterlogs@workspace:versions/Norm"
  dependencies:
    colors: ^1.4.0
  languageName: unknown
  linkType: soft

"colors@npm:^1.4.0":
  version: 1.4.0
  resolution: "colors@npm:1.4.0"
  languageName: node
  linkType: hard

"combined-stream@npm:^1.0.8":
  version: 1.0.8
  resolution: "combined-stream@npm:1.0.8"
  dependencies:
    delayed-stream: ~1.0.0
  languageName: node
  linkType: hard

"delayed-stream@npm:~1.0.0":
  version: 1.0.0
  resolution: "delayed-stream@npm:1.0.0"
  languageName: node
  linkType: hard

"discord-webhook-node@npm:^1.1.8":
  version: 1.1.8
  resolution: "discord-webhook-node@npm:1.1.8"
  dependencies:
    form-data: ^3.0.0
    node-fetch: ^2.6.0
  languageName: node
  linkType: hard

"form-data@npm:^3.0.0":
  version: 3.0.1
  resolution: "form-data@npm:3.0.1"
  dependencies:
    asynckit: ^0.4.0
    combined-stream: ^1.0.8
    mime-types: ^2.1.12
  languageName: node
  linkType: hard

"mime-db@npm:1.52.0":
  version: 1.52.0
  resolution: "mime-db@npm:1.52.0"
  languageName: node
  linkType: hard

"mime-types@npm:^2.1.12":
  version: 2.1.35
  resolution: "mime-types@npm:2.1.35"
  dependencies:
    mime-db: 1.52.0
  languageName: node
  linkType: hard

"node-fetch@npm:^2.6.0":
  version: 2.6.7
  resolution: "node-fetch@npm:2.6.7"
  dependencies:
    whatwg-url: ^5.0.0
  peerDependencies:
    encoding: ^0.1.0
  peerDependenciesMeta:
    encoding:
      optional: true
  languageName: node
  linkType: hard

"tr46@npm:~0.0.3":
  version: 0.0.3
  resolution: "tr46@npm:0.0.3"
  languageName: node
  linkType: hard

"webidl-conversions@npm:^3.0.0":
  version: 3.0.1
  resolution: "webidl-conversions@npm:3.0.1"
  languageName: node
  linkType: hard

"whatwg-url@npm:^5.0.0":
  version: 5.0.0
  resolution: "whatwg-url@npm:5.0.0"
  dependencies:
    tr46: ~0.0.3
    webidl-conversions: ^3.0.0
  languageName: node
  linkType: hard
